{
  "originHash" : "2c5be1c0e715fe5b6e83bfc3cbac69fc02e6558b52baa4e639f7fe8a519b42f8",
  "pins" : [
    {
      "identity" : "swift-jpeg-xl",
      "kind" : "remoteSourceControl",
      "location" : "https://github.com/fang-ling/swift-jpeg-xl",
      "state" : {
        "revision" : "8e931687a1e78ebcd5baa65974d5e1d547d2cfb8",
        "version" : "1.0.0-beta.2"
      }
    },
    {
      "identity" : "swift-png",
      "kind" : "remoteSourceControl",
      "location" : "https://github.com/fang-ling/swift-png",
      "state" : {
        "revision" : "3d21891818ac24870f41bc5a6951fb4d98f11e47",
        "version" : "1.0.0-beta.1"
      }
    }
  ],
  "version" : 3
}
